
Microsoft Visual Studio Solution File, Format Version 12.00
# Visual Studio Version 17
VisualStudioVersion = 17.9.34622.214
MinimumVisualStudioVersion = 10.0.40219.1
Project("{9A19103F-16F7-4668-BE54-9A1E7A4F7556}") = "Five-a-side", "Five-a-side.csproj", "{37D901F5-EC43-458F-8BC3-BAAE582E0707}"
EndProject
Project("{FAE04EC0-301F-11D3-BF4B-00C04F79EFBC}") = "FiveASide.Tests", "..\FiveASide.Tests\FiveASide.Tests.csproj", "{7D3F6777-C597-4CAF-821A-FEB2C2AD305F}"
EndProject
Global
	GlobalSection(SolutionConfigurationPlatforms) = preSolution
		Debug|Any CPU = Debug|Any CPU
		Release|Any CPU = Release|Any CPU
	EndGlobalSection
	GlobalSection(ProjectConfigurationPlatforms) = postSolution
		{37D901F5-EC43-458F-8BC3-BAAE582E0707}.Debug|Any CPU.ActiveCfg = Debug|Any CPU
		{37D901F5-EC43-458F-8BC3-BAAE582E0707}.Debug|Any CPU.Build.0 = Debug|Any CPU
		{37D901F5-EC43-458F-8BC3-BAAE582E0707}.Release|Any CPU.ActiveCfg = Release|Any CPU
		{37D901F5-EC43-458F-8BC3-BAAE582E0707}.Release|Any CPU.Build.0 = Release|Any CPU
		{7D3F6777-C597-4CAF-821A-FEB2C2AD305F}.Debug|Any CPU.ActiveCfg = Debug|Any CPU
		{7D3F6777-C597-4CAF-821A-FEB2C2AD305F}.Debug|Any CPU.Build.0 = Debug|Any CPU
		{7D3F6777-C597-4CAF-821A-FEB2C2AD305F}.Release|Any CPU.ActiveCfg = Release|Any CPU
		{7D3F6777-C597-4CAF-821A-FEB2C2AD305F}.Release|Any CPU.Build.0 = Release|Any CPU
	EndGlobalSection
	GlobalSection(SolutionProperties) = preSolution
		HideSolutionNode = FALSE
	EndGlobalSection
	GlobalSection(ExtensibilityGlobals) = postSolution
		SolutionGuid = {C72CCAAC-A9F2-457B-BE3B-A4859F0EC8FB}
	EndGlobalSection
EndGlobal
